
Microsoft Visual Studio Solution File, Format Version 12.00
# Visual Studio Version 16
VisualStudioVersion = 16.0.30114.105
MinimumVisualStudioVersion = 10.0.40219.1
Project("{FAE04EC0-301F-11D3-BF4B-00C04F79EFBC}") = "PD2ModelParser", "PD2ModelParser\PD2ModelParser.csproj", "{C73A2D85-EFB5-43F3-9637-378A0C478A83}"
EndProject
Global
	GlobalSection(SolutionConfigurationPlatforms) = preSolution
		Debug|Any CPU = Debug|Any CPU
		DebugNoFBX|Any CPU = DebugNoFBX|Any CPU
		Release|Any CPU = Release|Any CPU
		ReleaseNoFBX|Any CPU = ReleaseNoFBX|Any CPU
	EndGlobalSection
	GlobalSection(ProjectConfigurationPlatforms) = postSolution
		{C73A2D85-EFB5-43F3-9637-378A0C478A83}.Debug|Any CPU.ActiveCfg = Debug|Any CPU
		{C73A2D85-EFB5-43F3-9637-378A0C478A83}.Debug|Any CPU.Build.0 = Debug|Any CPU
		{C73A2D85-EFB5-43F3-9637-378A0C478A83}.DebugNoFBX|Any CPU.ActiveCfg = DebugNoFBX|Any CPU
		{C73A2D85-EFB5-43F3-9637-378A0C478A83}.DebugNoFBX|Any CPU.Build.0 = DebugNoFBX|Any CPU
		{C73A2D85-EFB5-43F3-9637-378A0C478A83}.Release|Any CPU.ActiveCfg = Release|Any CPU
		{C73A2D85-EFB5-43F3-9637-378A0C478A83}.Release|Any CPU.Build.0 = Release|Any CPU
		{C73A2D85-EFB5-43F3-9637-378A0C478A83}.ReleaseNoFBX|Any CPU.ActiveCfg = ReleaseNoFBX|Any CPU
		{C73A2D85-EFB5-43F3-9637-378A0C478A83}.ReleaseNoFBX|Any CPU.Build.0 = ReleaseNoFBX|Any CPU
	EndGlobalSection
	GlobalSection(SolutionProperties) = preSolution
		HideSolutionNode = FALSE
	EndGlobalSection
	GlobalSection(ExtensibilityGlobals) = postSolution
		SolutionGuid = {74EE267C-4976-41E9-BFEC-478C736742C4}
	EndGlobalSection
EndGlobal
